
Microsoft Visual Studio Solution File, Format Version 12.00
# Visual Studio Version 16
VisualStudioVersion = 16.0.30011.22
MinimumVisualStudioVersion = 10.0.40219.1
Project("{FAE04EC0-301F-11D3-BF4B-00C04F79EFBC}") = "XYZSTUDIOSFINALFINAL", "XYZSTUDIOSFINALFINAL\XYZSTUDIOSFINALFINAL.csproj", "{38EEBD68-D0BC-49EE-A9D3-B38B2B5DE3B6}"
EndProject
Global
	GlobalSection(SolutionConfigurationPlatforms) = preSolution
		Debug|Any CPU = Debug|Any CPU
		Release|Any CPU = Release|Any CPU
	EndGlobalSection
	GlobalSection(ProjectConfigurationPlatforms) = postSolution
		{38EEBD68-D0BC-49EE-A9D3-B38B2B5DE3B6}.Debug|Any CPU.ActiveCfg = Debug|Any CPU
		{38EEBD68-D0BC-49EE-A9D3-B38B2B5DE3B6}.Debug|Any CPU.Build.0 = Debug|Any CPU
		{38EEBD68-D0BC-49EE-A9D3-B38B2B5DE3B6}.Release|Any CPU.ActiveCfg = Release|Any CPU
		{38EEBD68-D0BC-49EE-A9D3-B38B2B5DE3B6}.Release|Any CPU.Build.0 = Release|Any CPU
	EndGlobalSection
	GlobalSection(SolutionProperties) = preSolution
		HideSolutionNode = FALSE
	EndGlobalSection
	GlobalSection(ExtensibilityGlobals) = postSolution
		SolutionGuid = {921A5D8A-0218-44B3-B571-8E3E37DBCAA8}
	EndGlobalSection
EndGlobal
